
Microsoft Visual Studio Solution File, Format Version 12.00
Project("{FAE04EC0-301F-11D3-BF4B-00C04F79EFBC}") = "Api", "Api\Api.csproj", "{D04BE688-1C3D-440F-92F0-C92C7AE922C6}"
EndProject
Project("{FAE04EC0-301F-11D3-BF4B-00C04F79EFBC}") = "Logic", "Logic\Logic.csproj", "{F3196EE4-5DA0-4F19-A387-B8D86C8D95FF}"
EndProject
Project("{FAE04EC0-301F-11D3-BF4B-00C04F79EFBC}") = "Dal", "Dal\Dal.csproj", "{0DBF4B33-47A1-4858-9F06-7172B665BFEF}"
EndProject
Project("{2150E333-8FDC-42A3-9474-1A3956D46DE8}") = "Libs", "Libs", "{3D767363-8374-45DD-A815-1607B53AB32C}"
EndProject
Project("{FAE04EC0-301F-11D3-BF4B-00C04F79EFBC}") = "Core", "..\Libs\Core\Core.csproj", "{168C948E-5AF0-428F-999E-C509A252C18B}"
EndProject
Global
	GlobalSection(SolutionConfigurationPlatforms) = preSolution
		Debug|Any CPU = Debug|Any CPU
		Release|Any CPU = Release|Any CPU
	EndGlobalSection
	GlobalSection(ProjectConfigurationPlatforms) = postSolution
		{D04BE688-1C3D-440F-92F0-C92C7AE922C6}.Debug|Any CPU.ActiveCfg = Debug|Any CPU
		{D04BE688-1C3D-440F-92F0-C92C7AE922C6}.Debug|Any CPU.Build.0 = Debug|Any CPU
		{D04BE688-1C3D-440F-92F0-C92C7AE922C6}.Release|Any CPU.ActiveCfg = Release|Any CPU
		{D04BE688-1C3D-440F-92F0-C92C7AE922C6}.Release|Any CPU.Build.0 = Release|Any CPU
		{F3196EE4-5DA0-4F19-A387-B8D86C8D95FF}.Debug|Any CPU.ActiveCfg = Debug|Any CPU
		{F3196EE4-5DA0-4F19-A387-B8D86C8D95FF}.Debug|Any CPU.Build.0 = Debug|Any CPU
		{F3196EE4-5DA0-4F19-A387-B8D86C8D95FF}.Release|Any CPU.ActiveCfg = Release|Any CPU
		{F3196EE4-5DA0-4F19-A387-B8D86C8D95FF}.Release|Any CPU.Build.0 = Release|Any CPU
		{0DBF4B33-47A1-4858-9F06-7172B665BFEF}.Debug|Any CPU.ActiveCfg = Debug|Any CPU
		{0DBF4B33-47A1-4858-9F06-7172B665BFEF}.Debug|Any CPU.Build.0 = Debug|Any CPU
		{0DBF4B33-47A1-4858-9F06-7172B665BFEF}.Release|Any CPU.ActiveCfg = Release|Any CPU
		{0DBF4B33-47A1-4858-9F06-7172B665BFEF}.Release|Any CPU.Build.0 = Release|Any CPU
		{168C948E-5AF0-428F-999E-C509A252C18B}.Debug|Any CPU.ActiveCfg = Debug|Any CPU
		{168C948E-5AF0-428F-999E-C509A252C18B}.Debug|Any CPU.Build.0 = Debug|Any CPU
		{168C948E-5AF0-428F-999E-C509A252C18B}.Release|Any CPU.ActiveCfg = Release|Any CPU
		{168C948E-5AF0-428F-999E-C509A252C18B}.Release|Any CPU.Build.0 = Release|Any CPU
	EndGlobalSection
	GlobalSection(NestedProjects) = preSolution
		{168C948E-5AF0-428F-999E-C509A252C18B} = {3D767363-8374-45DD-A815-1607B53AB32C}
	EndGlobalSection
EndGlobal
